
Microsoft Visual Studio Solution File, Format Version 12.00
# Visual Studio Version 16
VisualStudioVersion = 16.0.32407.337
MinimumVisualStudioVersion = 10.0.40219.1
Project("{FAE04EC0-301F-11D3-BF4B-00C04F79EFBC}") = "TP13", "TP13\TP13.csproj", "{4A3BA55D-2CBC-4F47-8B8D-34EE9BD331FF}"
EndProject
Global
	GlobalSection(SolutionConfigurationPlatforms) = preSolution
		Debug|Any CPU = Debug|Any CPU
		Release|Any CPU = Release|Any CPU
	EndGlobalSection
	GlobalSection(ProjectConfigurationPlatforms) = postSolution
		{4A3BA55D-2CBC-4F47-8B8D-34EE9BD331FF}.Debug|Any CPU.ActiveCfg = Debug|Any CPU
		{4A3BA55D-2CBC-4F47-8B8D-34EE9BD331FF}.Debug|Any CPU.Build.0 = Debug|Any CPU
		{4A3BA55D-2CBC-4F47-8B8D-34EE9BD331FF}.Release|Any CPU.ActiveCfg = Release|Any CPU
		{4A3BA55D-2CBC-4F47-8B8D-34EE9BD331FF}.Release|Any CPU.Build.0 = Release|Any CPU
	EndGlobalSection
	GlobalSection(SolutionProperties) = preSolution
		HideSolutionNode = FALSE
	EndGlobalSection
	GlobalSection(ExtensibilityGlobals) = postSolution
		SolutionGuid = {D390A256-F9C8-4D56-A9E9-53C681B75F75}
	EndGlobalSection
EndGlobal
